
Microsoft Visual Studio Solution File, Format Version 12.00
# Visual Studio 14
VisualStudioVersion = 14.0.25123.0
MinimumVisualStudioVersion = 10.0.40219.1
Project("{FAE04EC0-301F-11D3-BF4B-00C04F79EFBC}") = "FakeOrleans", "FakeOrleans\FakeOrleans.csproj", "{666FEF51-0955-4AC9-BA0E-A6D2982CE6A5}"
EndProject
Project("{FAE04EC0-301F-11D3-BF4B-00C04F79EFBC}") = "FakeOrleans.Tests", "FakeOrleans.Tests\FakeOrleans.Tests.csproj", "{6523B555-7165-48D8-9475-E538B930627A}"
EndProject
Global
	GlobalSection(SolutionConfigurationPlatforms) = preSolution
		Debug|Any CPU = Debug|Any CPU
		Release|Any CPU = Release|Any CPU
	EndGlobalSection
	GlobalSection(ProjectConfigurationPlatforms) = postSolution
		{666FEF51-0955-4AC9-BA0E-A6D2982CE6A5}.Debug|Any CPU.ActiveCfg = Debug|Any CPU
		{666FEF51-0955-4AC9-BA0E-A6D2982CE6A5}.Debug|Any CPU.Build.0 = Debug|Any CPU
		{666FEF51-0955-4AC9-BA0E-A6D2982CE6A5}.Release|Any CPU.ActiveCfg = Release|Any CPU
		{666FEF51-0955-4AC9-BA0E-A6D2982CE6A5}.Release|Any CPU.Build.0 = Release|Any CPU
		{6523B555-7165-48D8-9475-E538B930627A}.Debug|Any CPU.ActiveCfg = Debug|Any CPU
		{6523B555-7165-48D8-9475-E538B930627A}.Debug|Any CPU.Build.0 = Debug|Any CPU
		{6523B555-7165-48D8-9475-E538B930627A}.Release|Any CPU.ActiveCfg = Release|Any CPU
		{6523B555-7165-48D8-9475-E538B930627A}.Release|Any CPU.Build.0 = Release|Any CPU
	EndGlobalSection
	GlobalSection(SolutionProperties) = preSolution
		HideSolutionNode = FALSE
	EndGlobalSection
EndGlobal
